
Microsoft Visual Studio Solution File, Format Version 12.00
# Visual Studio Version 17
VisualStudioVersion = 17.6.33815.320
MinimumVisualStudioVersion = 10.0.40219.1
Project("{00D1A9C2-B5F0-4AF3-8072-F6C62B433612}") = "SQLserverProject", "SQLserverProject.sqlproj", "{BDDE5BEA-E0BE-4726-8EFE-85273218BB65}"
EndProject
Global
	GlobalSection(SolutionConfigurationPlatforms) = preSolution
		Debug|Any CPU = Debug|Any CPU
		Release|Any CPU = Release|Any CPU
	EndGlobalSection
	GlobalSection(ProjectConfigurationPlatforms) = postSolution
		{BDDE5BEA-E0BE-4726-8EFE-85273218BB65}.Debug|Any CPU.ActiveCfg = Debug|Any CPU
		{BDDE5BEA-E0BE-4726-8EFE-85273218BB65}.Debug|Any CPU.Build.0 = Debug|Any CPU
		{BDDE5BEA-E0BE-4726-8EFE-85273218BB65}.Debug|Any CPU.Deploy.0 = Debug|Any CPU
		{BDDE5BEA-E0BE-4726-8EFE-85273218BB65}.Release|Any CPU.ActiveCfg = Release|Any CPU
		{BDDE5BEA-E0BE-4726-8EFE-85273218BB65}.Release|Any CPU.Build.0 = Release|Any CPU
		{BDDE5BEA-E0BE-4726-8EFE-85273218BB65}.Release|Any CPU.Deploy.0 = Release|Any CPU
	EndGlobalSection
	GlobalSection(SolutionProperties) = preSolution
		HideSolutionNode = FALSE
	EndGlobalSection
	GlobalSection(ExtensibilityGlobals) = postSolution
		SolutionGuid = {CE77A932-D368-459D-8AA1-DB5A05FE6CD3}
	EndGlobalSection
EndGlobal
